
Microsoft Visual Studio Solution File, Format Version 12.00
# Visual Studio Version 17
VisualStudioVersion = 17.10.35027.167
MinimumVisualStudioVersion = 10.0.40219.1
Project("{FAE04EC0-301F-11D3-BF4B-00C04F79EFBC}") = "JuanManuelBenitez_InventoryManagementSystem", "JuanManuelBenitez_InventoryManagementSystem\JuanManuelBenitez_InventoryManagementSystem.csproj", "{187BC653-2A5A-4D4B-A4C3-0B0309C2466B}"
EndProject
Global
	GlobalSection(SolutionConfigurationPlatforms) = preSolution
		Debug|Any CPU = Debug|Any CPU
		Release|Any CPU = Release|Any CPU
	EndGlobalSection
	GlobalSection(ProjectConfigurationPlatforms) = postSolution
		{187BC653-2A5A-4D4B-A4C3-0B0309C2466B}.Debug|Any CPU.ActiveCfg = Debug|Any CPU
		{187BC653-2A5A-4D4B-A4C3-0B0309C2466B}.Debug|Any CPU.Build.0 = Debug|Any CPU
		{187BC653-2A5A-4D4B-A4C3-0B0309C2466B}.Release|Any CPU.ActiveCfg = Release|Any CPU
		{187BC653-2A5A-4D4B-A4C3-0B0309C2466B}.Release|Any CPU.Build.0 = Release|Any CPU
	EndGlobalSection
	GlobalSection(SolutionProperties) = preSolution
		HideSolutionNode = FALSE
	EndGlobalSection
	GlobalSection(ExtensibilityGlobals) = postSolution
		SolutionGuid = {FDF08D5C-0A4E-40EA-B672-BBF61C0DCFC2}
	EndGlobalSection
EndGlobal
